
Microsoft Visual Studio Solution File, Format Version 12.00
# Visual Studio Version 17
VisualStudioVersion = 17.3.32929.385
MinimumVisualStudioVersion = 10.0.40219.1
Project("{FAE04EC0-301F-11D3-BF4B-00C04F79EFBC}") = "LAB7_01", "LAB7_01.csproj", "{0A51B991-FFD4-4220-BE18-C552EB00ACC9}"
EndProject
Global
	GlobalSection(SolutionConfigurationPlatforms) = preSolution
		Debug|Any CPU = Debug|Any CPU
		Release|Any CPU = Release|Any CPU
	EndGlobalSection
	GlobalSection(ProjectConfigurationPlatforms) = postSolution
		{0A51B991-FFD4-4220-BE18-C552EB00ACC9}.Debug|Any CPU.ActiveCfg = Debug|Any CPU
		{0A51B991-FFD4-4220-BE18-C552EB00ACC9}.Debug|Any CPU.Build.0 = Debug|Any CPU
		{0A51B991-FFD4-4220-BE18-C552EB00ACC9}.Release|Any CPU.ActiveCfg = Release|Any CPU
		{0A51B991-FFD4-4220-BE18-C552EB00ACC9}.Release|Any CPU.Build.0 = Release|Any CPU
	EndGlobalSection
	GlobalSection(SolutionProperties) = preSolution
		HideSolutionNode = FALSE
	EndGlobalSection
	GlobalSection(ExtensibilityGlobals) = postSolution
		SolutionGuid = {0FB4D227-713A-4248-9475-7893FC00555C}
	EndGlobalSection
EndGlobal
